
Microsoft Visual Studio Solution File, Format Version 12.00
# Visual Studio 15
VisualStudioVersion = 15.0.28307.2092
MinimumVisualStudioVersion = 10.0.40219.1
Project("{FAE04EC0-301F-11D3-BF4B-00C04F79EFBC}") = "TicTacToe_v2.0", "TicTacToe_v2.0\TicTacToe_v2.0.csproj", "{041861AC-086B-4974-9E3B-EC2F59D1BA92}"
EndProject
Global
	GlobalSection(SolutionConfigurationPlatforms) = preSolution
		Debug|Any CPU = Debug|Any CPU
		Release|Any CPU = Release|Any CPU
	EndGlobalSection
	GlobalSection(ProjectConfigurationPlatforms) = postSolution
		{041861AC-086B-4974-9E3B-EC2F59D1BA92}.Debug|Any CPU.ActiveCfg = Debug|Any CPU
		{041861AC-086B-4974-9E3B-EC2F59D1BA92}.Debug|Any CPU.Build.0 = Debug|Any CPU
		{041861AC-086B-4974-9E3B-EC2F59D1BA92}.Release|Any CPU.ActiveCfg = Release|Any CPU
		{041861AC-086B-4974-9E3B-EC2F59D1BA92}.Release|Any CPU.Build.0 = Release|Any CPU
	EndGlobalSection
	GlobalSection(SolutionProperties) = preSolution
		HideSolutionNode = FALSE
	EndGlobalSection
	GlobalSection(ExtensibilityGlobals) = postSolution
		SolutionGuid = {4D0D1F3E-16E3-41E4-9163-10A10A4F7043}
	EndGlobalSection
EndGlobal
